
Microsoft Visual Studio Solution File, Format Version 12.00
# Visual Studio 15
VisualStudioVersion = 15.0.27428.2027
MinimumVisualStudioVersion = 10.0.40219.1
Project("{9A19103F-16F7-4668-BE54-9A1E7A4F7556}") = "ConsidTaskJulius", "ConsidTaskJulius\ConsidTaskJulius.csproj", "{D4300749-5185-4DCE-BCB8-AB6118D828D1}"
EndProject
Global
	GlobalSection(SolutionConfigurationPlatforms) = preSolution
		Debug|Any CPU = Debug|Any CPU
		Release|Any CPU = Release|Any CPU
	EndGlobalSection
	GlobalSection(ProjectConfigurationPlatforms) = postSolution
		{D4300749-5185-4DCE-BCB8-AB6118D828D1}.Debug|Any CPU.ActiveCfg = Debug|Any CPU
		{D4300749-5185-4DCE-BCB8-AB6118D828D1}.Debug|Any CPU.Build.0 = Debug|Any CPU
		{D4300749-5185-4DCE-BCB8-AB6118D828D1}.Release|Any CPU.ActiveCfg = Release|Any CPU
		{D4300749-5185-4DCE-BCB8-AB6118D828D1}.Release|Any CPU.Build.0 = Release|Any CPU
	EndGlobalSection
	GlobalSection(SolutionProperties) = preSolution
		HideSolutionNode = FALSE
	EndGlobalSection
	GlobalSection(ExtensibilityGlobals) = postSolution
		SolutionGuid = {A3248206-6175-4CCC-B1E2-D725BCFB9174}
	EndGlobalSection
EndGlobal
